
Microsoft Visual Studio Solution File, Format Version 12.00
# Visual Studio Version 17
VisualStudioVersion = 17.8.34330.188
MinimumVisualStudioVersion = 10.0.40219.1
Project("{FAE04EC0-301F-11D3-BF4B-00C04F79EFBC}") = "Becas.Shared", "Becas.Shared\Becas.Shared.csproj", "{AF729C40-C869-4D31-8692-7DE8EDE1008A}"
EndProject
Project("{FAE04EC0-301F-11D3-BF4B-00C04F79EFBC}") = "BecarioAPI", "BecarioAPI\BecarioAPI.csproj", "{4D7C1D7F-65FB-4AB7-8D95-0D4EBBB147FF}"
EndProject
Project("{FAE04EC0-301F-11D3-BF4B-00C04F79EFBC}") = "BecarioAPP", "BecarioAPP\BecarioAPP.csproj", "{2A7163C4-B8F3-4223-BCD8-31D726FAF11A}"
EndProject
Global
	GlobalSection(SolutionConfigurationPlatforms) = preSolution
		Debug|Any CPU = Debug|Any CPU
		Release|Any CPU = Release|Any CPU
	EndGlobalSection
	GlobalSection(ProjectConfigurationPlatforms) = postSolution
		{AF729C40-C869-4D31-8692-7DE8EDE1008A}.Debug|Any CPU.ActiveCfg = Debug|Any CPU
		{AF729C40-C869-4D31-8692-7DE8EDE1008A}.Debug|Any CPU.Build.0 = Debug|Any CPU
		{AF729C40-C869-4D31-8692-7DE8EDE1008A}.Release|Any CPU.ActiveCfg = Release|Any CPU
		{AF729C40-C869-4D31-8692-7DE8EDE1008A}.Release|Any CPU.Build.0 = Release|Any CPU
		{4D7C1D7F-65FB-4AB7-8D95-0D4EBBB147FF}.Debug|Any CPU.ActiveCfg = Debug|Any CPU
		{4D7C1D7F-65FB-4AB7-8D95-0D4EBBB147FF}.Debug|Any CPU.Build.0 = Debug|Any CPU
		{4D7C1D7F-65FB-4AB7-8D95-0D4EBBB147FF}.Release|Any CPU.ActiveCfg = Release|Any CPU
		{4D7C1D7F-65FB-4AB7-8D95-0D4EBBB147FF}.Release|Any CPU.Build.0 = Release|Any CPU
		{2A7163C4-B8F3-4223-BCD8-31D726FAF11A}.Debug|Any CPU.ActiveCfg = Debug|Any CPU
		{2A7163C4-B8F3-4223-BCD8-31D726FAF11A}.Debug|Any CPU.Build.0 = Debug|Any CPU
		{2A7163C4-B8F3-4223-BCD8-31D726FAF11A}.Release|Any CPU.ActiveCfg = Release|Any CPU
		{2A7163C4-B8F3-4223-BCD8-31D726FAF11A}.Release|Any CPU.Build.0 = Release|Any CPU
	EndGlobalSection
	GlobalSection(SolutionProperties) = preSolution
		HideSolutionNode = FALSE
	EndGlobalSection
	GlobalSection(ExtensibilityGlobals) = postSolution
		SolutionGuid = {135BA26D-B1AD-4E22-BA73-B0AA25E9958D}
	EndGlobalSection
EndGlobal
